// !$*UTF8*$!
{
	archiveVersion = 1;
	classes = {
	};
	objectVersion = 46;
	objects = {

/* Begin PBXBuildFile section */
		CF12EC7B1BBFF88800CB440C /* InMemorySpeakersRepo.swift in Sources */ = {isa = PBXBuildFile; fileRef = CF12EC7A1BBFF88800CB440C /* InMemorySpeakersRepo.swift */; settings = {ASSET_TAGS = (); }; };
		CF12EC7D1BC0255A00CB440C /* InMemorySpeakersRepoTests.swift in Sources */ = {isa = PBXBuildFile; fileRef = CF12EC7C1BC0255A00CB440C /* InMemorySpeakersRepoTests.swift */; settings = {ASSET_TAGS = (); }; };
		CF12EC801BC0484D00CB440C /* SpeakerTests.swift in Sources */ = {isa = PBXBuildFile; fileRef = CF12EC7F1BC0484D00CB440C /* SpeakerTests.swift */; settings = {ASSET_TAGS = (); }; };
		CF12EC831BC06C6B00CB440C /* AppDelegateTests.swift in Sources */ = {isa = PBXBuildFile; fileRef = CF12EC821BC06C6B00CB440C /* AppDelegateTests.swift */; settings = {ASSET_TAGS = (); }; };
		CF12EC871BC084AC00CB440C /* RootConnector.swift in Sources */ = {isa = PBXBuildFile; fileRef = CF12EC861BC084AC00CB440C /* RootConnector.swift */; settings = {ASSET_TAGS = (); }; };
		CF12EC8A1BC0850300CB440C /* RootConnectorTests.swift in Sources */ = {isa = PBXBuildFile; fileRef = CF12EC891BC0850300CB440C /* RootConnectorTests.swift */; settings = {ASSET_TAGS = (); }; };
		CF7E5DFE1BBCA8BC00229934 /* SpeakerTableViewCellTests.swift in Sources */ = {isa = PBXBuildFile; fileRef = CF7E5DFD1BBCA8BC00229934 /* SpeakerTableViewCellTests.swift */; settings = {ASSET_TAGS = (); }; };
		CF810FAE1BB81B2F00AD15D5 /* SpeakerDisplayDataTests.swift in Sources */ = {isa = PBXBuildFile; fileRef = CF810FAD1BB81B2F00AD15D5 /* SpeakerDisplayDataTests.swift */; settings = {ASSET_TAGS = (); }; };
		CF810FBA1BB9219400AD15D5 /* SpeakersListPresenter.swift in Sources */ = {isa = PBXBuildFile; fileRef = CF810FB91BB9219400AD15D5 /* SpeakersListPresenter.swift */; settings = {ASSET_TAGS = (); }; };
		CF810FBC1BB9243900AD15D5 /* SpeakersListViewProtocol.swift in Sources */ = {isa = PBXBuildFile; fileRef = CF810FBB1BB9243900AD15D5 /* SpeakersListViewProtocol.swift */; settings = {ASSET_TAGS = (); }; };
		CF810FBF1BB9253000AD15D5 /* SpeakersListPresenterTests.swift in Sources */ = {isa = PBXBuildFile; fileRef = CF810FBE1BB9253000AD15D5 /* SpeakersListPresenterTests.swift */; settings = {ASSET_TAGS = (); }; };
		CF810FC61BB9623B00AD15D5 /* SpeakersTableViewControllerTests.swift in Sources */ = {isa = PBXBuildFile; fileRef = CF810FC51BB9623B00AD15D5 /* SpeakersTableViewControllerTests.swift */; settings = {ASSET_TAGS = (); }; };
		CF810FC81BB9651A00AD15D5 /* SpeakersListEventHandlerProtocol.swift in Sources */ = {isa = PBXBuildFile; fileRef = CF810FC71BB9651A00AD15D5 /* SpeakersListEventHandlerProtocol.swift */; settings = {ASSET_TAGS = (); }; };
		CF810FCD1BBB0E0400AD15D5 /* SpeakerTableViewCell.swift in Sources */ = {isa = PBXBuildFile; fileRef = CF810FCC1BBB0E0400AD15D5 /* SpeakerTableViewCell.swift */; settings = {ASSET_TAGS = (); }; };
		CF810FCF1BBB126600AD15D5 /* ShowAllSpeakersInteractorProtocol.swift in Sources */ = {isa = PBXBuildFile; fileRef = CF810FCE1BBB126600AD15D5 /* ShowAllSpeakersInteractorProtocol.swift */; settings = {ASSET_TAGS = (); }; };
		CF810FD11BBB18A600AD15D5 /* SpeakerCellProtocol.swift in Sources */ = {isa = PBXBuildFile; fileRef = CF810FD01BBB18A600AD15D5 /* SpeakerCellProtocol.swift */; settings = {ASSET_TAGS = (); }; };
		CFFD502A1BB5AEE2003DA319 /* AppDelegate.swift in Sources */ = {isa = PBXBuildFile; fileRef = CFFD50291BB5AEE2003DA319 /* AppDelegate.swift */; };
		CFFD502C1BB5AEE2003DA319 /* SpeakersTableViewController.swift in Sources */ = {isa = PBXBuildFile; fileRef = CFFD502B1BB5AEE2003DA319 /* SpeakersTableViewController.swift */; };
		CFFD502F1BB5AEE2003DA319 /* Main.storyboard in Resources */ = {isa = PBXBuildFile; fileRef = CFFD502D1BB5AEE2003DA319 /* Main.storyboard */; };
		CFFD50311BB5AEE3003DA319 /* Assets.xcassets in Resources */ = {isa = PBXBuildFile; fileRef = CFFD50301BB5AEE3003DA319 /* Assets.xcassets */; };
		CFFD50341BB5AEE3003DA319 /* LaunchScreen.storyboard in Resources */ = {isa = PBXBuildFile; fileRef = CFFD50321BB5AEE3003DA319 /* LaunchScreen.storyboard */; };
		CFFD504A1BB5B7DC003DA319 /* ShowAllSpeakersInteractor.swift in Sources */ = {isa = PBXBuildFile; fileRef = CFFD50491BB5B7DC003DA319 /* ShowAllSpeakersInteractor.swift */; settings = {ASSET_TAGS = (); }; };
		CFFD504C1BB6CF4F003DA319 /* EntityGatewayProtocol.swift in Sources */ = {isa = PBXBuildFile; fileRef = CFFD504B1BB6CF4F003DA319 /* EntityGatewayProtocol.swift */; settings = {ASSET_TAGS = (); }; };
		CFFD504E1BB6D08E003DA319 /* Speaker.swift in Sources */ = {isa = PBXBuildFile; fileRef = CFFD504D1BB6D08E003DA319 /* Speaker.swift */; settings = {ASSET_TAGS = (); }; };
		CFFD50501BB7022A003DA319 /* SpeakersListPresenterProtocol.swift in Sources */ = {isa = PBXBuildFile; fileRef = CFFD504F1BB7022A003DA319 /* SpeakersListPresenterProtocol.swift */; settings = {ASSET_TAGS = (); }; };
		CFFD50521BB703D9003DA319 /* SpeakerDisplayData.swift in Sources */ = {isa = PBXBuildFile; fileRef = CFFD50511BB703D9003DA319 /* SpeakerDisplayData.swift */; settings = {ASSET_TAGS = (); }; };
		CFFD50551BB70CFB003DA319 /* ShowAllSpeakersInteractorTests.swift in Sources */ = {isa = PBXBuildFile; fileRef = CFFD50541BB70CFB003DA319 /* ShowAllSpeakersInteractorTests.swift */; settings = {ASSET_TAGS = (); }; };
/* End PBXBuildFile section */

/* Begin PBXContainerItemProxy section */
		CFFD503B1BB5AEE3003DA319 /* PBXContainerItemProxy */ = {
			isa = PBXContainerItemProxy;
			containerPortal = CFFD501E1BB5AEE2003DA319 /* Project object */;
			proxyType = 1;
			remoteGlobalIDString = CFFD50251BB5AEE2003DA319;
			remoteInfo = SpeakersList;
		};
/* End PBXContainerItemProxy section */

/* Begin PBXFileReference section */
		CF12EC7A1BBFF88800CB440C /* InMemorySpeakersRepo.swift */ = {isa = PBXFileReference; fileEncoding = 4; lastKnownFileType = sourcecode.swift; path = InMemorySpeakersRepo.swift; sourceTree = "<group>"; };
		CF12EC7C1BC0255A00CB440C /* InMemorySpeakersRepoTests.swift */ = {isa = PBXFileReference; fileEncoding = 4; lastKnownFileType = sourcecode.swift; path = InMemorySpeakersRepoTests.swift; sourceTree = "<group>"; };
		CF12EC7F1BC0484D00CB440C /* SpeakerTests.swift */ = {isa = PBXFileReference; fileEncoding = 4; lastKnownFileType = sourcecode.swift; path = SpeakerTests.swift; sourceTree = "<group>"; };
		CF12EC821BC06C6B00CB440C /* AppDelegateTests.swift */ = {isa = PBXFileReference; fileEncoding = 4; lastKnownFileType = sourcecode.swift; path = AppDelegateTests.swift; sourceTree = "<group>"; };
		CF12EC861BC084AC00CB440C /* RootConnector.swift */ = {isa = PBXFileReference; fileEncoding = 4; lastKnownFileType = sourcecode.swift; path = RootConnector.swift; sourceTree = "<group>"; };
		CF12EC891BC0850300CB440C /* RootConnectorTests.swift */ = {isa = PBXFileReference; fileEncoding = 4; lastKnownFileType = sourcecode.swift; path = RootConnectorTests.swift; sourceTree = "<group>"; };
		CF7E5DFD1BBCA8BC00229934 /* SpeakerTableViewCellTests.swift */ = {isa = PBXFileReference; fileEncoding = 4; lastKnownFileType = sourcecode.swift; path = SpeakerTableViewCellTests.swift; sourceTree = "<group>"; };
		CF810FAD1BB81B2F00AD15D5 /* SpeakerDisplayDataTests.swift */ = {isa = PBXFileReference; fileEncoding = 4; lastKnownFileType = sourcecode.swift; path = SpeakerDisplayDataTests.swift; sourceTree = "<group>"; };
		CF810FB91BB9219400AD15D5 /* SpeakersListPresenter.swift */ = {isa = PBXFileReference; fileEncoding = 4; lastKnownFileType = sourcecode.swift; path = SpeakersListPresenter.swift; sourceTree = "<group>"; };
		CF810FBB1BB9243900AD15D5 /* SpeakersListViewProtocol.swift */ = {isa = PBXFileReference; fileEncoding = 4; lastKnownFileType = sourcecode.swift; path = SpeakersListViewProtocol.swift; sourceTree = "<group>"; };
		CF810FBE1BB9253000AD15D5 /* SpeakersListPresenterTests.swift */ = {isa = PBXFileReference; fileEncoding = 4; lastKnownFileType = sourcecode.swift; path = SpeakersListPresenterTests.swift; sourceTree = "<group>"; };
		CF810FC51BB9623B00AD15D5 /* SpeakersTableViewControllerTests.swift */ = {isa = PBXFileReference; fileEncoding = 4; lastKnownFileType = sourcecode.swift; path = SpeakersTableViewControllerTests.swift; sourceTree = "<group>"; };
		CF810FC71BB9651A00AD15D5 /* SpeakersListEventHandlerProtocol.swift */ = {isa = PBXFileReference; fileEncoding = 4; lastKnownFileType = sourcecode.swift; path = SpeakersListEventHandlerProtocol.swift; sourceTree = "<group>"; };
		CF810FCC1BBB0E0400AD15D5 /* SpeakerTableViewCell.swift */ = {isa = PBXFileReference; fileEncoding = 4; lastKnownFileType = sourcecode.swift; path = SpeakerTableViewCell.swift; sourceTree = "<group>"; };
		CF810FCE1BBB126600AD15D5 /* ShowAllSpeakersInteractorProtocol.swift */ = {isa = PBXFileReference; fileEncoding = 4; lastKnownFileType = sourcecode.swift; path = ShowAllSpeakersInteractorProtocol.swift; sourceTree = "<group>"; };
		CF810FD01BBB18A600AD15D5 /* SpeakerCellProtocol.swift */ = {isa = PBXFileReference; fileEncoding = 4; lastKnownFileType = sourcecode.swift; path = SpeakerCellProtocol.swift; sourceTree = "<group>"; };
		CFFD50261BB5AEE2003DA319 /* SpeakersList.app */ = {isa = PBXFileReference; explicitFileType = wrapper.application; includeInIndex = 0; path = SpeakersList.app; sourceTree = BUILT_PRODUCTS_DIR; };
		CFFD50291BB5AEE2003DA319 /* AppDelegate.swift */ = {isa = PBXFileReference; lastKnownFileType = sourcecode.swift; path = AppDelegate.swift; sourceTree = "<group>"; };
		CFFD502B1BB5AEE2003DA319 /* SpeakersTableViewController.swift */ = {isa = PBXFileReference; lastKnownFileType = sourcecode.swift; path = SpeakersTableViewController.swift; sourceTree = "<group>"; };
		CFFD502E1BB5AEE2003DA319 /* Base */ = {isa = PBXFileReference; lastKnownFileType = file.storyboard; name = Base; path = Base.lproj/Main.storyboard; sourceTree = "<group>"; };
		CFFD50301BB5AEE3003DA319 /* Assets.xcassets */ = {isa = PBXFileReference; lastKnownFileType = folder.assetcatalog; path = Assets.xcassets; sourceTree = "<group>"; };
		CFFD50331BB5AEE3003DA319 /* Base */ = {isa = PBXFileReference; lastKnownFileType = file.storyboard; name = Base; path = Base.lproj/LaunchScreen.storyboard; sourceTree = "<group>"; };
		CFFD50351BB5AEE3003DA319 /* Info.plist */ = {isa = PBXFileReference; lastKnownFileType = text.plist.xml; path = Info.plist; sourceTree = "<group>"; };
		CFFD503A1BB5AEE3003DA319 /* SpeakersListTests.xctest */ = {isa = PBXFileReference; explicitFileType = wrapper.cfbundle; includeInIndex = 0; path = SpeakersListTests.xctest; sourceTree = BUILT_PRODUCTS_DIR; };
		CFFD50401BB5AEE3003DA319 /* Info.plist */ = {isa = PBXFileReference; lastKnownFileType = text.plist.xml; path = Info.plist; sourceTree = "<group>"; };
		CFFD50491BB5B7DC003DA319 /* ShowAllSpeakersInteractor.swift */ = {isa = PBXFileReference; fileEncoding = 4; lastKnownFileType = sourcecode.swift; path = ShowAllSpeakersInteractor.swift; sourceTree = "<group>"; };
		CFFD504B1BB6CF4F003DA319 /* EntityGatewayProtocol.swift */ = {isa = PBXFileReference; fileEncoding = 4; lastKnownFileType = sourcecode.swift; path = EntityGatewayProtocol.swift; sourceTree = "<group>"; };
		CFFD504D1BB6D08E003DA319 /* Speaker.swift */ = {isa = PBXFileReference; fileEncoding = 4; lastKnownFileType = sourcecode.swift; path = Speaker.swift; sourceTree = "<group>"; };
		CFFD504F1BB7022A003DA319 /* SpeakersListPresenterProtocol.swift */ = {isa = PBXFileReference; fileEncoding = 4; lastKnownFileType = sourcecode.swift; path = SpeakersListPresenterProtocol.swift; sourceTree = "<group>"; };
		CFFD50511BB703D9003DA319 /* SpeakerDisplayData.swift */ = {isa = PBXFileReference; fileEncoding = 4; lastKnownFileType = sourcecode.swift; path = SpeakerDisplayData.swift; sourceTree = "<group>"; };
		CFFD50531BB70CFB003DA319 /* SpeakersListTests-Bridging-Header.h */ = {isa = PBXFileReference; lastKnownFileType = sourcecode.c.h; path = "SpeakersListTests-Bridging-Header.h"; sourceTree = "<group>"; };
		CFFD50541BB70CFB003DA319 /* ShowAllSpeakersInteractorTests.swift */ = {isa = PBXFileReference; fileEncoding = 4; lastKnownFileType = sourcecode.swift; path = ShowAllSpeakersInteractorTests.swift; sourceTree = "<group>"; };
/* End PBXFileReference section */

/* Begin PBXFrameworksBuildPhase section */
		CFFD50231BB5AEE2003DA319 /* Frameworks */ = {
			isa = PBXFrameworksBuildPhase;
			buildActionMask = 2147483647;
			files = (
			);
			runOnlyForDeploymentPostprocessing = 0;
		};
		CFFD50371BB5AEE3003DA319 /* Frameworks */ = {
			isa = PBXFrameworksBuildPhase;
			buildActionMask = 2147483647;
			files = (
			);
			runOnlyForDeploymentPostprocessing = 0;
		};
/* End PBXFrameworksBuildPhase section */

/* Begin PBXGroup section */
		CF12EC7E1BC0481D00CB440C /* EntityGateway */ = {
			isa = PBXGroup;
			children = (
				CF12EC7C1BC0255A00CB440C /* InMemorySpeakersRepoTests.swift */,
			);
			name = EntityGateway;
			sourceTree = "<group>";
		};
		CF12EC811BC0485500CB440C /* Entities */ = {
			isa = PBXGroup;
			children = (
				CF12EC7F1BC0484D00CB440C /* SpeakerTests.swift */,
			);
			name = Entities;
			sourceTree = "<group>";
		};
		CF12EC841BC0845F00CB440C /* AppDelegate */ = {
			isa = PBXGroup;
			children = (
				CF12EC821BC06C6B00CB440C /* AppDelegateTests.swift */,
			);
			name = AppDelegate;
			sourceTree = "<group>";
		};
		CF12EC851BC0846E00CB440C /* AppDelegate */ = {
			isa = PBXGroup;
			children = (
				CFFD50291BB5AEE2003DA319 /* AppDelegate.swift */,
			);
			name = AppDelegate;
			sourceTree = "<group>";
		};
		CF12EC881BC084D200CB440C /* Connectors */ = {
			isa = PBXGroup;
			children = (
				CF12EC861BC084AC00CB440C /* RootConnector.swift */,
			);
			name = Connectors;
			sourceTree = "<group>";
		};
		CF12EC8B1BC0850900CB440C /* Connectors */ = {
			isa = PBXGroup;
			children = (
				CF12EC891BC0850300CB440C /* RootConnectorTests.swift */,
			);
			name = Connectors;
			sourceTree = "<group>";
		};
		CF810FAF1BB8AD3C00AD15D5 /* ShowSpeakers */ = {
			isa = PBXGroup;
			children = (
				CFFD50491BB5B7DC003DA319 /* ShowAllSpeakersInteractor.swift */,
				CF810FCE1BBB126600AD15D5 /* ShowAllSpeakersInteractorProtocol.swift */,
			);
			name = ShowSpeakers;
			sourceTree = "<group>";
		};
		CF810FB01BB8AD6C00AD15D5 /* Entities */ = {
			isa = PBXGroup;
			children = (
				CFFD504D1BB6D08E003DA319 /* Speaker.swift */,
			);
			name = Entities;
			sourceTree = "<group>";
		};
		CF810FB11BB8AD8100AD15D5 /* DeliveryMechanismBoundary */ = {
			isa = PBXGroup;
			children = (
				CFFD504F1BB7022A003DA319 /* SpeakersListPresenterProtocol.swift */,
				CFFD50511BB703D9003DA319 /* SpeakerDisplayData.swift */,
			);
			name = DeliveryMechanismBoundary;
			sourceTree = "<group>";
		};
		CF810FB21BB8AE7600AD15D5 /* EntityGateway */ = {
			isa = PBXGroup;
			children = (
				CFFD504B1BB6CF4F003DA319 /* EntityGatewayProtocol.swift */,
				CF12EC7A1BBFF88800CB440C /* InMemorySpeakersRepo.swift */,
			);
			name = EntityGateway;
			sourceTree = "<group>";
		};
		CF810FB31BB8AEA800AD15D5 /* SupportingFiles */ = {
			isa = PBXGroup;
			children = (
				CFFD50351BB5AEE3003DA319 /* Info.plist */,
			);
			name = SupportingFiles;
			sourceTree = "<group>";
		};
		CF810FB41BB8AEE300AD15D5 /* UseCases */ = {
			isa = PBXGroup;
			children = (
				CF810FAF1BB8AD3C00AD15D5 /* ShowSpeakers */,
			);
			name = UseCases;
			sourceTree = "<group>";
		};
		CF810FB51BB8AF3800AD15D5 /* SupportingFiles */ = {
			isa = PBXGroup;
			children = (
				CFFD50401BB5AEE3003DA319 /* Info.plist */,
				CFFD50531BB70CFB003DA319 /* SpeakersListTests-Bridging-Header.h */,
			);
			name = SupportingFiles;
			sourceTree = "<group>";
		};
		CF810FB61BB8AF4500AD15D5 /* DeliveryMechanismBoundary */ = {
			isa = PBXGroup;
			children = (
				CF810FAD1BB81B2F00AD15D5 /* SpeakerDisplayDataTests.swift */,
			);
			name = DeliveryMechanismBoundary;
			sourceTree = "<group>";
		};
		CF810FB71BB8AF6D00AD15D5 /* ShowAllSpeakers */ = {
			isa = PBXGroup;
			children = (
				CFFD50541BB70CFB003DA319 /* ShowAllSpeakersInteractorTests.swift */,
			);
			name = ShowAllSpeakers;
			sourceTree = "<group>";
		};
		CF810FB81BB8AF7C00AD15D5 /* UseCases */ = {
			isa = PBXGroup;
			children = (
				CF810FB71BB8AF6D00AD15D5 /* ShowAllSpeakers */,
			);
			name = UseCases;
			sourceTree = "<group>";
		};
		CF810FBD1BB924F800AD15D5 /* SpeakersListPresenter */ = {
			isa = PBXGroup;
			children = (
				CF810FB91BB9219400AD15D5 /* SpeakersListPresenter.swift */,
				CF810FC71BB9651A00AD15D5 /* SpeakersListEventHandlerProtocol.swift */,
			);
			name = SpeakersListPresenter;
			sourceTree = "<group>";
		};
		CF810FC01BB9254000AD15D5 /* SpeakersListPresenter */ = {
			isa = PBXGroup;
			children = (
				CF810FBE1BB9253000AD15D5 /* SpeakersListPresenterTests.swift */,
			);
			name = SpeakersListPresenter;
			sourceTree = "<group>";
		};
		CF810FC31BB95FB700AD15D5 /* Views */ = {
			isa = PBXGroup;
			children = (
				CFFD502B1BB5AEE2003DA319 /* SpeakersTableViewController.swift */,
				CF810FCC1BBB0E0400AD15D5 /* SpeakerTableViewCell.swift */,
				CF810FBB1BB9243900AD15D5 /* SpeakersListViewProtocol.swift */,
				CF810FD01BBB18A600AD15D5 /* SpeakerCellProtocol.swift */,
				CFFD50321BB5AEE3003DA319 /* LaunchScreen.storyboard */,
				CFFD502D1BB5AEE2003DA319 /* Main.storyboard */,
			);
			name = Views;
			sourceTree = "<group>";
		};
		CF810FC41BB9620B00AD15D5 /* Views */ = {
			isa = PBXGroup;
			children = (
				CF810FC51BB9623B00AD15D5 /* SpeakersTableViewControllerTests.swift */,
				CF7E5DFD1BBCA8BC00229934 /* SpeakerTableViewCellTests.swift */,
			);
			name = Views;
			sourceTree = "<group>";
		};
		CFFD501D1BB5AEE2003DA319 = {
			isa = PBXGroup;
			children = (
				CFFD50281BB5AEE2003DA319 /* SpeakersList */,
				CFFD503D1BB5AEE3003DA319 /* SpeakersListTests */,
				CFFD50271BB5AEE2003DA319 /* Products */,
			);
			sourceTree = "<group>";
		};
		CFFD50271BB5AEE2003DA319 /* Products */ = {
			isa = PBXGroup;
			children = (
				CFFD50261BB5AEE2003DA319 /* SpeakersList.app */,
				CFFD503A1BB5AEE3003DA319 /* SpeakersListTests.xctest */,
			);
			name = Products;
			sourceTree = "<group>";
		};
		CFFD50281BB5AEE2003DA319 /* SpeakersList */ = {
			isa = PBXGroup;
			children = (
				CF12EC881BC084D200CB440C /* Connectors */,
				CF12EC851BC0846E00CB440C /* AppDelegate */,
				CF810FC31BB95FB700AD15D5 /* Views */,
				CF810FBD1BB924F800AD15D5 /* SpeakersListPresenter */,
				CF810FB11BB8AD8100AD15D5 /* DeliveryMechanismBoundary */,
				CF810FB41BB8AEE300AD15D5 /* UseCases */,
				CF810FB21BB8AE7600AD15D5 /* EntityGateway */,
				CF810FB01BB8AD6C00AD15D5 /* Entities */,
				CF810FB31BB8AEA800AD15D5 /* SupportingFiles */,
				CFFD50301BB5AEE3003DA319 /* Assets.xcassets */,
			);
			path = SpeakersList;
			sourceTree = "<group>";
		};
		CFFD503D1BB5AEE3003DA319 /* SpeakersListTests */ = {
			isa = PBXGroup;
			children = (
				CF12EC841BC0845F00CB440C /* AppDelegate */,
				CF12EC8B1BC0850900CB440C /* Connectors */,
				CF810FC41BB9620B00AD15D5 /* Views */,
				CF810FB61BB8AF4500AD15D5 /* DeliveryMechanismBoundary */,
				CF810FC01BB9254000AD15D5 /* SpeakersListPresenter */,
				CF810FB81BB8AF7C00AD15D5 /* UseCases */,
				CF12EC7E1BC0481D00CB440C /* EntityGateway */,
				CF12EC811BC0485500CB440C /* Entities */,
				CF810FB51BB8AF3800AD15D5 /* SupportingFiles */,
			);
			path = SpeakersListTests;
			sourceTree = "<group>";
		};
/* End PBXGroup section */

/* Begin PBXNativeTarget section */
		CFFD50251BB5AEE2003DA319 /* SpeakersList */ = {
			isa = PBXNativeTarget;
			buildConfigurationList = CFFD50431BB5AEE3003DA319 /* Build configuration list for PBXNativeTarget "SpeakersList" */;
			buildPhases = (
				CFFD50221BB5AEE2003DA319 /* Sources */,
				CFFD50231BB5AEE2003DA319 /* Frameworks */,
				CFFD50241BB5AEE2003DA319 /* Resources */,
			);
			buildRules = (
			);
			dependencies = (
			);
			name = SpeakersList;
			productName = SpeakersList;
			productReference = CFFD50261BB5AEE2003DA319 /* SpeakersList.app */;
			productType = "com.apple.product-type.application";
		};
		CFFD50391BB5AEE3003DA319 /* SpeakersListTests */ = {
			isa = PBXNativeTarget;
			buildConfigurationList = CFFD50461BB5AEE3003DA319 /* Build configuration list for PBXNativeTarget "SpeakersListTests" */;
			buildPhases = (
				CFFD50361BB5AEE3003DA319 /* Sources */,
				CFFD50371BB5AEE3003DA319 /* Frameworks */,
				CFFD50381BB5AEE3003DA319 /* Resources */,
			);
			buildRules = (
			);
			dependencies = (
				CFFD503C1BB5AEE3003DA319 /* PBXTargetDependency */,
			);
			name = SpeakersListTests;
			productName = SpeakersListTests;
			productReference = CFFD503A1BB5AEE3003DA319 /* SpeakersListTests.xctest */;
			productType = "com.apple.product-type.bundle.unit-test";
		};
/* End PBXNativeTarget section */

/* Begin PBXProject section */
		CFFD501E1BB5AEE2003DA319 /* Project object */ = {
			isa = PBXProject;
			attributes = {
				LastSwiftUpdateCheck = 0700;
				LastUpgradeCheck = 0700;
				ORGANIZATIONNAME = PoWWaU;
				TargetAttributes = {
					CFFD50251BB5AEE2003DA319 = {
						CreatedOnToolsVersion = 7.0;
					};
					CFFD50391BB5AEE3003DA319 = {
						CreatedOnToolsVersion = 7.0;
						TestTargetID = CFFD50251BB5AEE2003DA319;
					};
				};
			};
			buildConfigurationList = CFFD50211BB5AEE2003DA319 /* Build configuration list for PBXProject "SpeakersList" */;
			compatibilityVersion = "Xcode 3.2";
			developmentRegion = English;
			hasScannedForEncodings = 0;
			knownRegions = (
				en,
				Base,
			);
			mainGroup = CFFD501D1BB5AEE2003DA319;
			productRefGroup = CFFD50271BB5AEE2003DA319 /* Products */;
			projectDirPath = "";
			projectRoot = "";
			targets = (
				CFFD50251BB5AEE2003DA319 /* SpeakersList */,
				CFFD50391BB5AEE3003DA319 /* SpeakersListTests */,
			);
		};
/* End PBXProject section */

/* Begin PBXResourcesBuildPhase section */
		CFFD50241BB5AEE2003DA319 /* Resources */ = {
			isa = PBXResourcesBuildPhase;
			buildActionMask = 2147483647;
			files = (
				CFFD50341BB5AEE3003DA319 /* LaunchScreen.storyboard in Resources */,
				CFFD50311BB5AEE3003DA319 /* Assets.xcassets in Resources */,
				CFFD502F1BB5AEE2003DA319 /* Main.storyboard in Resources */,
			);
			runOnlyForDeploymentPostprocessing = 0;
		};
		CFFD50381BB5AEE3003DA319 /* Resources */ = {
			isa = PBXResourcesBuildPhase;
			buildActionMask = 2147483647;
			files = (
			);
			runOnlyForDeploymentPostprocessing = 0;
		};
/* End PBXResourcesBuildPhase section */

/* Begin PBXSourcesBuildPhase section */
		CFFD50221BB5AEE2003DA319 /* Sources */ = {
			isa = PBXSourcesBuildPhase;
			buildActionMask = 2147483647;
			files = (
				CF12EC871BC084AC00CB440C /* RootConnector.swift in Sources */,
				CF810FBA1BB9219400AD15D5 /* SpeakersListPresenter.swift in Sources */,
				CFFD504A1BB5B7DC003DA319 /* ShowAllSpeakersInteractor.swift in Sources */,
				CFFD502C1BB5AEE2003DA319 /* SpeakersTableViewController.swift in Sources */,
				CF810FD11BBB18A600AD15D5 /* SpeakerCellProtocol.swift in Sources */,
				CF810FBC1BB9243900AD15D5 /* SpeakersListViewProtocol.swift in Sources */,
				CFFD50521BB703D9003DA319 /* SpeakerDisplayData.swift in Sources */,
				CFFD504E1BB6D08E003DA319 /* Speaker.swift in Sources */,
				CFFD502A1BB5AEE2003DA319 /* AppDelegate.swift in Sources */,
				CF810FCD1BBB0E0400AD15D5 /* SpeakerTableViewCell.swift in Sources */,
				CFFD50501BB7022A003DA319 /* SpeakersListPresenterProtocol.swift in Sources */,
				CFFD504C1BB6CF4F003DA319 /* EntityGatewayProtocol.swift in Sources */,
				CF12EC7B1BBFF88800CB440C /* InMemorySpeakersRepo.swift in Sources */,
				CF810FC81BB9651A00AD15D5 /* SpeakersListEventHandlerProtocol.swift in Sources */,
				CF810FCF1BBB126600AD15D5 /* ShowAllSpeakersInteractorProtocol.swift in Sources */,
			);
			runOnlyForDeploymentPostprocessing = 0;
		};
		CFFD50361BB5AEE3003DA319 /* Sources */ = {
			isa = PBXSourcesBuildPhase;
			buildActionMask = 2147483647;
			files = (
				CF12EC831BC06C6B00CB440C /* AppDelegateTests.swift in Sources */,
				CF810FBF1BB9253000AD15D5 /* SpeakersListPresenterTests.swift in Sources */,
				CF7E5DFE1BBCA8BC00229934 /* SpeakerTableViewCellTests.swift in Sources */,
				CF810FAE1BB81B2F00AD15D5 /* SpeakerDisplayDataTests.swift in Sources */,
				CF12EC7D1BC0255A00CB440C /* InMemorySpeakersRepoTests.swift in Sources */,
				CF12EC8A1BC0850300CB440C /* RootConnectorTests.swift in Sources */,
				CFFD50551BB70CFB003DA319 /* ShowAllSpeakersInteractorTests.swift in Sources */,
				CF12EC801BC0484D00CB440C /* SpeakerTests.swift in Sources */,
				CF810FC61BB9623B00AD15D5 /* SpeakersTableViewControllerTests.swift in Sources */,
			);
			runOnlyForDeploymentPostprocessing = 0;
		};
/* End PBXSourcesBuildPhase section */

/* Begin PBXTargetDependency section */
		CFFD503C1BB5AEE3003DA319 /* PBXTargetDependency */ = {
			isa = PBXTargetDependency;
			target = CFFD50251BB5AEE2003DA319 /* SpeakersList */;
			targetProxy = CFFD503B1BB5AEE3003DA319 /* PBXContainerItemProxy */;
		};
/* End PBXTargetDependency section */

/* Begin PBXVariantGroup section */
		CFFD502D1BB5AEE2003DA319 /* Main.storyboard */ = {
			isa = PBXVariantGroup;
			children = (
				CFFD502E1BB5AEE2003DA319 /* Base */,
			);
			name = Main.storyboard;
			sourceTree = "<group>";
		};
		CFFD50321BB5AEE3003DA319 /* LaunchScreen.storyboard */ = {
			isa = PBXVariantGroup;
			children = (
				CFFD50331BB5AEE3003DA319 /* Base */,
			);
			name = LaunchScreen.storyboard;
			sourceTree = "<group>";
		};
/* End PBXVariantGroup section */

/* Begin XCBuildConfiguration section */
		CFFD50411BB5AEE3003DA319 /* Debug */ = {
			isa = XCBuildConfiguration;
			buildSettings = {
				ALWAYS_SEARCH_USER_PATHS = NO;
				CLANG_CXX_LANGUAGE_STANDARD = "gnu++0x";
				CLANG_CXX_LIBRARY = "libc++";
				CLANG_ENABLE_MODULES = YES;
				CLANG_ENABLE_OBJC_ARC = YES;
				CLANG_WARN_BOOL_CONVERSION = YES;
				CLANG_WARN_CONSTANT_CONVERSION = YES;
				CLANG_WARN_DIRECT_OBJC_ISA_USAGE = YES_ERROR;
				CLANG_WARN_EMPTY_BODY = YES;
				CLANG_WARN_ENUM_CONVERSION = YES;
				CLANG_WARN_INT_CONVERSION = YES;
				CLANG_WARN_OBJC_ROOT_CLASS = YES_ERROR;
				CLANG_WARN_UNREACHABLE_CODE = YES;
				CLANG_WARN__DUPLICATE_METHOD_MATCH = YES;
				"CODE_SIGN_IDENTITY[sdk=iphoneos*]" = "iPhone Developer";
				COPY_PHASE_STRIP = NO;
				DEBUG_INFORMATION_FORMAT = dwarf;
				ENABLE_STRICT_OBJC_MSGSEND = YES;
				ENABLE_TESTABILITY = YES;
				GCC_C_LANGUAGE_STANDARD = gnu99;
				GCC_DYNAMIC_NO_PIC = NO;
				GCC_NO_COMMON_BLOCKS = YES;
				GCC_OPTIMIZATION_LEVEL = 0;
				GCC_PREPROCESSOR_DEFINITIONS = (
					"DEBUG=1",
					"$(inherited)",
				);
				GCC_WARN_64_TO_32_BIT_CONVERSION = YES;
				GCC_WARN_ABOUT_RETURN_TYPE = YES_ERROR;
				GCC_WARN_UNDECLARED_SELECTOR = YES;
				GCC_WARN_UNINITIALIZED_AUTOS = YES_AGGRESSIVE;
				GCC_WARN_UNUSED_FUNCTION = YES;
				GCC_WARN_UNUSED_VARIABLE = YES;
				IPHONEOS_DEPLOYMENT_TARGET = 9.0;
				MTL_ENABLE_DEBUG_INFO = YES;
				ONLY_ACTIVE_ARCH = YES;
				SDKROOT = iphoneos;
				SWIFT_OPTIMIZATION_LEVEL = "-Onone";
				TARGETED_DEVICE_FAMILY = "1,2";
			};
			name = Debug;
		};
		CFFD50421BB5AEE3003DA319 /* Release */ = {
			isa = XCBuildConfiguration;
			buildSettings = {
				ALWAYS_SEARCH_USER_PATHS = NO;
				CLANG_CXX_LANGUAGE_STANDARD = "gnu++0x";
				CLANG_CXX_LIBRARY = "libc++";
				CLANG_ENABLE_MODULES = YES;
				CLANG_ENABLE_OBJC_ARC = YES;
				CLANG_WARN_BOOL_CONVERSION = YES;
				CLANG_WARN_CONSTANT_CONVERSION = YES;
				CLANG_WARN_DIRECT_OBJC_ISA_USAGE = YES_ERROR;
				CLANG_WARN_EMPTY_BODY = YES;
				CLANG_WARN_ENUM_CONVERSION = YES;
				CLANG_WARN_INT_CONVERSION = YES;
				CLANG_WARN_OBJC_ROOT_CLASS = YES_ERROR;
				CLANG_WARN_UNREACHABLE_CODE = YES;
				CLANG_WARN__DUPLICATE_METHOD_MATCH = YES;
				"CODE_SIGN_IDENTITY[sdk=iphoneos*]" = "iPhone Developer";
				COPY_PHASE_STRIP = NO;
				DEBUG_INFORMATION_FORMAT = "dwarf-with-dsym";
				ENABLE_NS_ASSERTIONS = NO;
				ENABLE_STRICT_OBJC_MSGSEND = YES;
				GCC_C_LANGUAGE_STANDARD = gnu99;
				GCC_NO_COMMON_BLOCKS = YES;
				GCC_WARN_64_TO_32_BIT_CONVERSION = YES;
				GCC_WARN_ABOUT_RETURN_TYPE = YES_ERROR;
				GCC_WARN_UNDECLARED_SELECTOR = YES;
				GCC_WARN_UNINITIALIZED_AUTOS = YES_AGGRESSIVE;
				GCC_WARN_UNUSED_FUNCTION = YES;
				GCC_WARN_UNUSED_VARIABLE = YES;
				IPHONEOS_DEPLOYMENT_TARGET = 9.0;
				MTL_ENABLE_DEBUG_INFO = NO;
				SDKROOT = iphoneos;
				TARGETED_DEVICE_FAMILY = "1,2";
				VALIDATE_PRODUCT = YES;
			};
			name = Release;
		};
		CFFD50441BB5AEE3003DA319 /* Debug */ = {
			isa = XCBuildConfiguration;
			buildSettings = {
				ASSETCATALOG_COMPILER_APPICON_NAME = AppIcon;
				INFOPLIST_FILE = SpeakersList/Info.plist;
				LD_RUNPATH_SEARCH_PATHS = "$(inherited) @executable_path/Frameworks";
				PRODUCT_BUNDLE_IDENTIFIER = com.powwau.SpeakersList;
				PRODUCT_NAME = "$(TARGET_NAME)";
			};
			name = Debug;
		};
		CFFD50451BB5AEE3003DA319 /* Release */ = {
			isa = XCBuildConfiguration;
			buildSettings = {
				ASSETCATALOG_COMPILER_APPICON_NAME = AppIcon;
				INFOPLIST_FILE = SpeakersList/Info.plist;
				LD_RUNPATH_SEARCH_PATHS = "$(inherited) @executable_path/Frameworks";
				PRODUCT_BUNDLE_IDENTIFIER = com.powwau.SpeakersList;
				PRODUCT_NAME = "$(TARGET_NAME)";
			};
			name = Release;
		};
		CFFD50471BB5AEE3003DA319 /* Debug */ = {
			isa = XCBuildConfiguration;
			buildSettings = {
				BUNDLE_LOADER = "$(TEST_HOST)";
				CLANG_ENABLE_MODULES = YES;
				INFOPLIST_FILE = SpeakersListTests/Info.plist;
				LD_RUNPATH_SEARCH_PATHS = "$(inherited) @executable_path/Frameworks @loader_path/Frameworks";
				PRODUCT_BUNDLE_IDENTIFIER = com.powwau.SpeakersListTests;
				PRODUCT_NAME = "$(TARGET_NAME)";
				SWIFT_OBJC_BRIDGING_HEADER = "SpeakersListTests/SpeakersListTests-Bridging-Header.h";
				SWIFT_OPTIMIZATION_LEVEL = "-Onone";
				TEST_HOST = "$(BUILT_PRODUCTS_DIR)/SpeakersList.app/SpeakersList";
			};
			name = Debug;
		};
		CFFD50481BB5AEE3003DA319 /* Release */ = {
			isa = XCBuildConfiguration;
			buildSettings = {
				BUNDLE_LOADER = "$(TEST_HOST)";
				CLANG_ENABLE_MODULES = YES;
				INFOPLIST_FILE = SpeakersListTests/Info.plist;
				LD_RUNPATH_SEARCH_PATHS = "$(inherited) @executable_path/Frameworks @loader_path/Frameworks";
				PRODUCT_BUNDLE_IDENTIFIER = com.powwau.SpeakersListTests;
				PRODUCT_NAME = "$(TARGET_NAME)";
				SWIFT_OBJC_BRIDGING_HEADER = "SpeakersListTests/SpeakersListTests-Bridging-Header.h";
				TEST_HOST = "$(BUILT_PRODUCTS_DIR)/SpeakersList.app/SpeakersList";
			};
			name = Release;
		};
/* End XCBuildConfiguration section */

/* Begin XCConfigurationList section */
		CFFD50211BB5AEE2003DA319 /* Build configuration list for PBXProject "SpeakersList" */ = {
			isa = XCConfigurationList;
			buildConfigurations = (
				CFFD50411BB5AEE3003DA319 /* Debug */,
				CFFD50421BB5AEE3003DA319 /* Release */,
			);
			defaultConfigurationIsVisible = 0;
			defaultConfigurationName = Release;
		};
		CFFD50431BB5AEE3003DA319 /* Build configuration list for PBXNativeTarget "SpeakersList" */ = {
			isa = XCConfigurationList;
			buildConfigurations = (
				CFFD50441BB5AEE3003DA319 /* Debug */,
				CFFD50451BB5AEE3003DA319 /* Release */,
			);
			defaultConfigurationIsVisible = 0;
			defaultConfigurationName = Release;
		};
		CFFD50461BB5AEE3003DA319 /* Build configuration list for PBXNativeTarget "SpeakersListTests" */ = {
			isa = XCConfigurationList;
			buildConfigurations = (
				CFFD50471BB5AEE3003DA319 /* Debug */,
				CFFD50481BB5AEE3003DA319 /* Release */,
			);
			defaultConfigurationIsVisible = 0;
			defaultConfigurationName = Release;
		};
/* End XCConfigurationList section */
	};
	rootObject = CFFD501E1BB5AEE2003DA319 /* Project object */;
}
